// !$*UTF8*$!
{
	archiveVersion = 1;
	classes = {
	};
	objectVersion = 51;
	objects = {

/* Begin PBXBuildFile section */
		33EF202027DEE4AF90DB9FA6 /* Pods_SmartCalendarTests.framework in Frameworks */ = {isa = PBXBuildFile; fileRef = 83C523600B46FE0F12FD1238 /* Pods_SmartCalendarTests.framework */; };
		4580EA9295F4B9A639796B7C /* Pods_SmartCalendar.framework in Frameworks */ = {isa = PBXBuildFile; fileRef = 5EC54034EDCD4673301D93CD /* Pods_SmartCalendar.framework */; };
		95D68E3D2347F3AC00C0A41D /* FindIntersection.swift in Sources */ = {isa = PBXBuildFile; fileRef = 95D68E3C2347F3AC00C0A41D /* FindIntersection.swift */; };
		C11515EA2340FA0200A00399 /* AppDelegate.swift in Sources */ = {isa = PBXBuildFile; fileRef = C11515E92340FA0200A00399 /* AppDelegate.swift */; };
		C11515EC2340FA0200A00399 /* SceneDelegate.swift in Sources */ = {isa = PBXBuildFile; fileRef = C11515EB2340FA0200A00399 /* SceneDelegate.swift */; };
		C11515EE2340FA0200A00399 /* BaseVC.swift in Sources */ = {isa = PBXBuildFile; fileRef = C11515ED2340FA0200A00399 /* BaseVC.swift */; };
		C11515F12340FA0200A00399 /* Main.storyboard in Resources */ = {isa = PBXBuildFile; fileRef = C11515EF2340FA0200A00399 /* Main.storyboard */; };
		C11515F42340FA0200A00399 /* SmartCalendar.xcdatamodeld in Sources */ = {isa = PBXBuildFile; fileRef = C11515F22340FA0200A00399 /* SmartCalendar.xcdatamodeld */; };
		C11515F62340FA0400A00399 /* Assets.xcassets in Resources */ = {isa = PBXBuildFile; fileRef = C11515F52340FA0400A00399 /* Assets.xcassets */; };
		C11515F92340FA0400A00399 /* LaunchScreen.storyboard in Resources */ = {isa = PBXBuildFile; fileRef = C11515F72340FA0400A00399 /* LaunchScreen.storyboard */; };
		C11516042340FA0400A00399 /* SmartCalendarTests.swift in Sources */ = {isa = PBXBuildFile; fileRef = C11516032340FA0400A00399 /* SmartCalendarTests.swift */; };
		C115160F2340FA0400A00399 /* SmartCalendarUITests.swift in Sources */ = {isa = PBXBuildFile; fileRef = C115160E2340FA0400A00399 /* SmartCalendarUITests.swift */; };
		C19E5138234106DF00086B88 /* .gitignore in Resources */ = {isa = PBXBuildFile; fileRef = C19E5135234106DF00086B88 /* .gitignore */; };
		C19E5139234106DF00086B88 /* .swiftlint.yml in Resources */ = {isa = PBXBuildFile; fileRef = C19E5136234106DF00086B88 /* .swiftlint.yml */; };
		C19E513A234106DF00086B88 /* README.md in Resources */ = {isa = PBXBuildFile; fileRef = C19E5137234106DF00086B88 /* README.md */; };
		C1B2F8232345E941002B6776 /* MainVC.swift in Sources */ = {isa = PBXBuildFile; fileRef = C1B2F8222345E941002B6776 /* MainVC.swift */; };
		C1B2F8262345EA27002B6776 /* RootCoordinator.swift in Sources */ = {isa = PBXBuildFile; fileRef = C1B2F8252345EA27002B6776 /* RootCoordinator.swift */; };
		C1B2F8292347499D002B6776 /* CalendarService.swift in Sources */ = {isa = PBXBuildFile; fileRef = C1B2F8282347499D002B6776 /* CalendarService.swift */; };
		C1D4EA8623453FA8009E8694 /* SignInVC.swift in Sources */ = {isa = PBXBuildFile; fileRef = C1D4EA8523453FA8009E8694 /* SignInVC.swift */; };
		C1D4EA882345E349009E8694 /* Root.storyboard in Resources */ = {isa = PBXBuildFile; fileRef = C1D4EA872345E349009E8694 /* Root.storyboard */; };
		C1D656182341056600FA9BD7 /* R.generated.swift in Sources */ = {isa = PBXBuildFile; fileRef = C1D656172341056600FA9BD7 /* R.generated.swift */; };
		DF5DD4B99DAD8CF5CFD0AB8D /* Pods_SmartCalendar_SmartCalendarUITests.framework in Frameworks */ = {isa = PBXBuildFile; fileRef = 05AD02499C75C702B872A914 /* Pods_SmartCalendar_SmartCalendarUITests.framework */; };
/* End PBXBuildFile section */

/* Begin PBXContainerItemProxy section */
		C11516002340FA0400A00399 /* PBXContainerItemProxy */ = {
			isa = PBXContainerItemProxy;
			containerPortal = C11515DE2340FA0200A00399 /* Project object */;
			proxyType = 1;
			remoteGlobalIDString = C11515E52340FA0200A00399;
			remoteInfo = SmartCalendar;
		};
		C115160B2340FA0400A00399 /* PBXContainerItemProxy */ = {
			isa = PBXContainerItemProxy;
			containerPortal = C11515DE2340FA0200A00399 /* Project object */;
			proxyType = 1;
			remoteGlobalIDString = C11515E52340FA0200A00399;
			remoteInfo = SmartCalendar;
		};
/* End PBXContainerItemProxy section */

/* Begin PBXFileReference section */
		03F90F490F2945D622C16C5A /* Pods-SmartCalendar.release.xcconfig */ = {isa = PBXFileReference; includeInIndex = 1; lastKnownFileType = text.xcconfig; name = "Pods-SmartCalendar.release.xcconfig"; path = "Target Support Files/Pods-SmartCalendar/Pods-SmartCalendar.release.xcconfig"; sourceTree = "<group>"; };
		05AD02499C75C702B872A914 /* Pods_SmartCalendar_SmartCalendarUITests.framework */ = {isa = PBXFileReference; explicitFileType = wrapper.framework; includeInIndex = 0; path = Pods_SmartCalendar_SmartCalendarUITests.framework; sourceTree = BUILT_PRODUCTS_DIR; };
		5EC54034EDCD4673301D93CD /* Pods_SmartCalendar.framework */ = {isa = PBXFileReference; explicitFileType = wrapper.framework; includeInIndex = 0; path = Pods_SmartCalendar.framework; sourceTree = BUILT_PRODUCTS_DIR; };
		83C523600B46FE0F12FD1238 /* Pods_SmartCalendarTests.framework */ = {isa = PBXFileReference; explicitFileType = wrapper.framework; includeInIndex = 0; path = Pods_SmartCalendarTests.framework; sourceTree = BUILT_PRODUCTS_DIR; };
		95D68E3C2347F3AC00C0A41D /* FindIntersection.swift */ = {isa = PBXFileReference; lastKnownFileType = sourcecode.swift; path = FindIntersection.swift; sourceTree = "<group>"; };
		96457AC912D36117849028FF /* Pods-SmartCalendarTests.debug.xcconfig */ = {isa = PBXFileReference; includeInIndex = 1; lastKnownFileType = text.xcconfig; name = "Pods-SmartCalendarTests.debug.xcconfig"; path = "Target Support Files/Pods-SmartCalendarTests/Pods-SmartCalendarTests.debug.xcconfig"; sourceTree = "<group>"; };
		BA443F23E1FCC55B0C661110 /* Pods-SmartCalendar-SmartCalendarUITests.release.xcconfig */ = {isa = PBXFileReference; includeInIndex = 1; lastKnownFileType = text.xcconfig; name = "Pods-SmartCalendar-SmartCalendarUITests.release.xcconfig"; path = "Target Support Files/Pods-SmartCalendar-SmartCalendarUITests/Pods-SmartCalendar-SmartCalendarUITests.release.xcconfig"; sourceTree = "<group>"; };
		C11515E62340FA0200A00399 /* SmartCalendar.app */ = {isa = PBXFileReference; explicitFileType = wrapper.application; includeInIndex = 0; path = SmartCalendar.app; sourceTree = BUILT_PRODUCTS_DIR; };
		C11515E92340FA0200A00399 /* AppDelegate.swift */ = {isa = PBXFileReference; lastKnownFileType = sourcecode.swift; path = AppDelegate.swift; sourceTree = "<group>"; };
		C11515EB2340FA0200A00399 /* SceneDelegate.swift */ = {isa = PBXFileReference; lastKnownFileType = sourcecode.swift; path = SceneDelegate.swift; sourceTree = "<group>"; };
		C11515ED2340FA0200A00399 /* BaseVC.swift */ = {isa = PBXFileReference; lastKnownFileType = sourcecode.swift; path = BaseVC.swift; sourceTree = "<group>"; };
		C11515F02340FA0200A00399 /* Base */ = {isa = PBXFileReference; lastKnownFileType = file.storyboard; name = Base; path = Base.lproj/Main.storyboard; sourceTree = "<group>"; };
		C11515F32340FA0200A00399 /* SmartCalendar.xcdatamodel */ = {isa = PBXFileReference; lastKnownFileType = wrapper.xcdatamodel; path = SmartCalendar.xcdatamodel; sourceTree = "<group>"; };
		C11515F52340FA0400A00399 /* Assets.xcassets */ = {isa = PBXFileReference; lastKnownFileType = folder.assetcatalog; path = Assets.xcassets; sourceTree = "<group>"; };
		C11515F82340FA0400A00399 /* Base */ = {isa = PBXFileReference; lastKnownFileType = file.storyboard; name = Base; path = Base.lproj/LaunchScreen.storyboard; sourceTree = "<group>"; };
		C11515FA2340FA0400A00399 /* Info.plist */ = {isa = PBXFileReference; lastKnownFileType = text.plist.xml; path = Info.plist; sourceTree = "<group>"; };
		C11515FF2340FA0400A00399 /* SmartCalendarTests.xctest */ = {isa = PBXFileReference; explicitFileType = wrapper.cfbundle; includeInIndex = 0; path = SmartCalendarTests.xctest; sourceTree = BUILT_PRODUCTS_DIR; };
		C11516032340FA0400A00399 /* SmartCalendarTests.swift */ = {isa = PBXFileReference; lastKnownFileType = sourcecode.swift; path = SmartCalendarTests.swift; sourceTree = "<group>"; };
		C11516052340FA0400A00399 /* Info.plist */ = {isa = PBXFileReference; lastKnownFileType = text.plist.xml; path = Info.plist; sourceTree = "<group>"; };
		C115160A2340FA0400A00399 /* SmartCalendarUITests.xctest */ = {isa = PBXFileReference; explicitFileType = wrapper.cfbundle; includeInIndex = 0; path = SmartCalendarUITests.xctest; sourceTree = BUILT_PRODUCTS_DIR; };
		C115160E2340FA0400A00399 /* SmartCalendarUITests.swift */ = {isa = PBXFileReference; lastKnownFileType = sourcecode.swift; path = SmartCalendarUITests.swift; sourceTree = "<group>"; };
		C11516102340FA0400A00399 /* Info.plist */ = {isa = PBXFileReference; lastKnownFileType = text.plist.xml; path = Info.plist; sourceTree = "<group>"; };
		C19E5135234106DF00086B88 /* .gitignore */ = {isa = PBXFileReference; fileEncoding = 4; lastKnownFileType = text; path = .gitignore; sourceTree = "<group>"; };
		C19E5136234106DF00086B88 /* .swiftlint.yml */ = {isa = PBXFileReference; fileEncoding = 4; lastKnownFileType = text.yaml; path = .swiftlint.yml; sourceTree = "<group>"; };
		C19E5137234106DF00086B88 /* README.md */ = {isa = PBXFileReference; fileEncoding = 4; lastKnownFileType = net.daringfireball.markdown; path = README.md; sourceTree = "<group>"; };
		C1B2F8222345E941002B6776 /* MainVC.swift */ = {isa = PBXFileReference; lastKnownFileType = sourcecode.swift; path = MainVC.swift; sourceTree = "<group>"; };
		C1B2F8252345EA27002B6776 /* RootCoordinator.swift */ = {isa = PBXFileReference; lastKnownFileType = sourcecode.swift; path = RootCoordinator.swift; sourceTree = "<group>"; };
		C1B2F8282347499D002B6776 /* CalendarService.swift */ = {isa = PBXFileReference; lastKnownFileType = sourcecode.swift; path = CalendarService.swift; sourceTree = "<group>"; };
		C1D4EA8523453FA8009E8694 /* SignInVC.swift */ = {isa = PBXFileReference; lastKnownFileType = sourcecode.swift; path = SignInVC.swift; sourceTree = "<group>"; };
		C1D4EA872345E349009E8694 /* Root.storyboard */ = {isa = PBXFileReference; lastKnownFileType = file.storyboard; path = Root.storyboard; sourceTree = "<group>"; };
		C1D656172341056600FA9BD7 /* R.generated.swift */ = {isa = PBXFileReference; fileEncoding = 4; lastKnownFileType = sourcecode.swift; path = R.generated.swift; sourceTree = "<group>"; };
		CD80E17CB5A2E83C6C37F86E /* Pods-SmartCalendar.debug.xcconfig */ = {isa = PBXFileReference; includeInIndex = 1; lastKnownFileType = text.xcconfig; name = "Pods-SmartCalendar.debug.xcconfig"; path = "Target Support Files/Pods-SmartCalendar/Pods-SmartCalendar.debug.xcconfig"; sourceTree = "<group>"; };
		DFE29D5775A34B4E82DB2716 /* Pods-SmartCalendar-SmartCalendarUITests.debug.xcconfig */ = {isa = PBXFileReference; includeInIndex = 1; lastKnownFileType = text.xcconfig; name = "Pods-SmartCalendar-SmartCalendarUITests.debug.xcconfig"; path = "Target Support Files/Pods-SmartCalendar-SmartCalendarUITests/Pods-SmartCalendar-SmartCalendarUITests.debug.xcconfig"; sourceTree = "<group>"; };
		F31C49038CF7F4FEBD17725C /* Pods-SmartCalendarTests.release.xcconfig */ = {isa = PBXFileReference; includeInIndex = 1; lastKnownFileType = text.xcconfig; name = "Pods-SmartCalendarTests.release.xcconfig"; path = "Target Support Files/Pods-SmartCalendarTests/Pods-SmartCalendarTests.release.xcconfig"; sourceTree = "<group>"; };
/* End PBXFileReference section */

/* Begin PBXFrameworksBuildPhase section */
		C11515E32340FA0200A00399 /* Frameworks */ = {
			isa = PBXFrameworksBuildPhase;
			buildActionMask = 2147483647;
			files = (
				4580EA9295F4B9A639796B7C /* Pods_SmartCalendar.framework in Frameworks */,
			);
			runOnlyForDeploymentPostprocessing = 0;
		};
		C11515FC2340FA0400A00399 /* Frameworks */ = {
			isa = PBXFrameworksBuildPhase;
			buildActionMask = 2147483647;
			files = (
				33EF202027DEE4AF90DB9FA6 /* Pods_SmartCalendarTests.framework in Frameworks */,
			);
			runOnlyForDeploymentPostprocessing = 0;
		};
		C11516072340FA0400A00399 /* Frameworks */ = {
			isa = PBXFrameworksBuildPhase;
			buildActionMask = 2147483647;
			files = (
				DF5DD4B99DAD8CF5CFD0AB8D /* Pods_SmartCalendar_SmartCalendarUITests.framework in Frameworks */,
			);
			runOnlyForDeploymentPostprocessing = 0;
		};
/* End PBXFrameworksBuildPhase section */

/* Begin PBXGroup section */
		6A829235E33ED28E97310CA7 /* Pods */ = {
			isa = PBXGroup;
			children = (
				CD80E17CB5A2E83C6C37F86E /* Pods-SmartCalendar.debug.xcconfig */,
				03F90F490F2945D622C16C5A /* Pods-SmartCalendar.release.xcconfig */,
				DFE29D5775A34B4E82DB2716 /* Pods-SmartCalendar-SmartCalendarUITests.debug.xcconfig */,
				BA443F23E1FCC55B0C661110 /* Pods-SmartCalendar-SmartCalendarUITests.release.xcconfig */,
				96457AC912D36117849028FF /* Pods-SmartCalendarTests.debug.xcconfig */,
				F31C49038CF7F4FEBD17725C /* Pods-SmartCalendarTests.release.xcconfig */,
			);
			path = Pods;
			sourceTree = "<group>";
		};
		8D34AADD0B17A4E0200BEE81 /* Frameworks */ = {
			isa = PBXGroup;
			children = (
				5EC54034EDCD4673301D93CD /* Pods_SmartCalendar.framework */,
				05AD02499C75C702B872A914 /* Pods_SmartCalendar_SmartCalendarUITests.framework */,
				83C523600B46FE0F12FD1238 /* Pods_SmartCalendarTests.framework */,
			);
			name = Frameworks;
			sourceTree = "<group>";
		};
		C11515DD2340FA0200A00399 = {
			isa = PBXGroup;
			children = (
				C11515E82340FA0200A00399 /* SmartCalendar */,
				C11516022340FA0400A00399 /* SmartCalendarTests */,
				C115160D2340FA0400A00399 /* SmartCalendarUITests */,
				C11515E72340FA0200A00399 /* Products */,
				6A829235E33ED28E97310CA7 /* Pods */,
				8D34AADD0B17A4E0200BEE81 /* Frameworks */,
				C19E5135234106DF00086B88 /* .gitignore */,
				C19E5136234106DF00086B88 /* .swiftlint.yml */,
				C19E5137234106DF00086B88 /* README.md */,
			);
			sourceTree = "<group>";
		};
		C11515E72340FA0200A00399 /* Products */ = {
			isa = PBXGroup;
			children = (
				C11515E62340FA0200A00399 /* SmartCalendar.app */,
				C11515FF2340FA0400A00399 /* SmartCalendarTests.xctest */,
				C115160A2340FA0400A00399 /* SmartCalendarUITests.xctest */,
			);
			name = Products;
			sourceTree = "<group>";
		};
		C11515E82340FA0200A00399 /* SmartCalendar */ = {
			isa = PBXGroup;
			children = (
				C1B2F8242345EA13002B6776 /* Coordinators */,
				C1B2F8272347497F002B6776 /* Networking */,
				C11516202341001D00A00399 /* Scenes */,
				C115161D2340FC9400A00399 /* Storyboards */,
				C115161E2340FFC200A00399 /* SupportingFiles */,
				C115161C2340FC6500A00399 /* Resources */,
			);
			path = SmartCalendar;
			sourceTree = "<group>";
		};
		C11516022340FA0400A00399 /* SmartCalendarTests */ = {
			isa = PBXGroup;
			children = (
				C11516032340FA0400A00399 /* SmartCalendarTests.swift */,
				C11516052340FA0400A00399 /* Info.plist */,
			);
			path = SmartCalendarTests;
			sourceTree = "<group>";
		};
		C115160D2340FA0400A00399 /* SmartCalendarUITests */ = {
			isa = PBXGroup;
			children = (
				C115160E2340FA0400A00399 /* SmartCalendarUITests.swift */,
				C11516102340FA0400A00399 /* Info.plist */,
			);
			path = SmartCalendarUITests;
			sourceTree = "<group>";
		};
		C115161C2340FC6500A00399 /* Resources */ = {
			isa = PBXGroup;
			children = (
				C11515F52340FA0400A00399 /* Assets.xcassets */,
			);
			path = Resources;
			sourceTree = "<group>";
		};
		C115161D2340FC9400A00399 /* Storyboards */ = {
			isa = PBXGroup;
			children = (
				C11515F72340FA0400A00399 /* LaunchScreen.storyboard */,
				C11515EF2340FA0200A00399 /* Main.storyboard */,
				C1D4EA872345E349009E8694 /* Root.storyboard */,
			);
			path = Storyboards;
			sourceTree = "<group>";
		};
		C115161E2340FFC200A00399 /* SupportingFiles */ = {
			isa = PBXGroup;
			children = (
				C1D656172341056600FA9BD7 /* R.generated.swift */,
				C11515E92340FA0200A00399 /* AppDelegate.swift */,
				C11515EB2340FA0200A00399 /* SceneDelegate.swift */,
				C11515FA2340FA0400A00399 /* Info.plist */,
				C11515F22340FA0200A00399 /* SmartCalendar.xcdatamodeld */,
				95D68E3C2347F3AC00C0A41D /* FindIntersection.swift */,
			);
			path = SupportingFiles;
			sourceTree = "<group>";
		};
		C115161F2341000000A00399 /* Base */ = {
			isa = PBXGroup;
			children = (
				C11515ED2340FA0200A00399 /* BaseVC.swift */,
			);
			path = Base;
			sourceTree = "<group>";
		};
		C11516202341001D00A00399 /* Scenes */ = {
			isa = PBXGroup;
			children = (
				C115161F2341000000A00399 /* Base */,
				C1D4EA8423453F82009E8694 /* SignIn */,
				C1B2F8212345E913002B6776 /* Main */,
			);
			path = Scenes;
			sourceTree = "<group>";
		};
		C1B2F8212345E913002B6776 /* Main */ = {
			isa = PBXGroup;
			children = (
				C1B2F8222345E941002B6776 /* MainVC.swift */,
			);
			path = Main;
			sourceTree = "<group>";
		};
		C1B2F8242345EA13002B6776 /* Coordinators */ = {
			isa = PBXGroup;
			children = (
				C1B2F8252345EA27002B6776 /* RootCoordinator.swift */,
			);
			path = Coordinators;
			sourceTree = "<group>";
		};
		C1B2F8272347497F002B6776 /* Networking */ = {
			isa = PBXGroup;
			children = (
				C1B2F8282347499D002B6776 /* CalendarService.swift */,
			);
			path = Networking;
			sourceTree = "<group>";
		};
		C1D4EA8423453F82009E8694 /* SignIn */ = {
			isa = PBXGroup;
			children = (
				C1D4EA8523453FA8009E8694 /* SignInVC.swift */,
			);
			path = SignIn;
			sourceTree = "<group>";
		};
/* End PBXGroup section */

/* Begin PBXNativeTarget section */
		C11515E52340FA0200A00399 /* SmartCalendar */ = {
			isa = PBXNativeTarget;
			buildConfigurationList = C11516132340FA0400A00399 /* Build configuration list for PBXNativeTarget "SmartCalendar" */;
			buildPhases = (
				FE14E9E8586FE04E34B00895 /* [CP] Check Pods Manifest.lock */,
				C1D65616234103F700FA9BD7 /* Run Script R.swift */,
				C11515E22340FA0200A00399 /* Sources */,
				C11515E32340FA0200A00399 /* Frameworks */,
				C11515E42340FA0200A00399 /* Resources */,
				DCC77E91AA7074524B2DA507 /* [CP] Embed Pods Frameworks */,
				C19E51342341061000086B88 /* Run Script SwiftLint */,
				04B5ADEF0AF1792C20D9186E /* [CP] Copy Pods Resources */,
			);
			buildRules = (
			);
			dependencies = (
			);
			name = SmartCalendar;
			productName = SmartCalendar;
			productReference = C11515E62340FA0200A00399 /* SmartCalendar.app */;
			productType = "com.apple.product-type.application";
		};
		C11515FE2340FA0400A00399 /* SmartCalendarTests */ = {
			isa = PBXNativeTarget;
			buildConfigurationList = C11516162340FA0400A00399 /* Build configuration list for PBXNativeTarget "SmartCalendarTests" */;
			buildPhases = (
				D48CAF44CD7D8918105A2BF8 /* [CP] Check Pods Manifest.lock */,
				C11515FB2340FA0400A00399 /* Sources */,
				C11515FC2340FA0400A00399 /* Frameworks */,
				C11515FD2340FA0400A00399 /* Resources */,
			);
			buildRules = (
			);
			dependencies = (
				C11516012340FA0400A00399 /* PBXTargetDependency */,
			);
			name = SmartCalendarTests;
			productName = SmartCalendarTests;
			productReference = C11515FF2340FA0400A00399 /* SmartCalendarTests.xctest */;
			productType = "com.apple.product-type.bundle.unit-test";
		};
		C11516092340FA0400A00399 /* SmartCalendarUITests */ = {
			isa = PBXNativeTarget;
			buildConfigurationList = C11516192340FA0400A00399 /* Build configuration list for PBXNativeTarget "SmartCalendarUITests" */;
			buildPhases = (
				1EC3E9A5F0FA40B599339B1E /* [CP] Check Pods Manifest.lock */,
				C11516062340FA0400A00399 /* Sources */,
				C11516072340FA0400A00399 /* Frameworks */,
				C11516082340FA0400A00399 /* Resources */,
				7DE79229B06B30A988F0600D /* [CP] Embed Pods Frameworks */,
				F2212417EAE64CFF6D953BED /* [CP] Copy Pods Resources */,
			);
			buildRules = (
			);
			dependencies = (
				C115160C2340FA0400A00399 /* PBXTargetDependency */,
			);
			name = SmartCalendarUITests;
			productName = SmartCalendarUITests;
			productReference = C115160A2340FA0400A00399 /* SmartCalendarUITests.xctest */;
			productType = "com.apple.product-type.bundle.ui-testing";
		};
/* End PBXNativeTarget section */

/* Begin PBXProject section */
		C11515DE2340FA0200A00399 /* Project object */ = {
			isa = PBXProject;
			attributes = {
				LastSwiftUpdateCheck = 1100;
				LastUpgradeCheck = 1100;
				ORGANIZATIONNAME = "oldschool-ucu-ios";
				TargetAttributes = {
					C11515E52340FA0200A00399 = {
						CreatedOnToolsVersion = 11.0;
					};
					C11515FE2340FA0400A00399 = {
						CreatedOnToolsVersion = 11.0;
						TestTargetID = C11515E52340FA0200A00399;
					};
					C11516092340FA0400A00399 = {
						CreatedOnToolsVersion = 11.0;
						TestTargetID = C11515E52340FA0200A00399;
					};
				};
			};
			buildConfigurationList = C11515E12340FA0200A00399 /* Build configuration list for PBXProject "SmartCalendar" */;
			compatibilityVersion = "Xcode 9.3";
			developmentRegion = en;
			hasScannedForEncodings = 0;
			knownRegions = (
				en,
				Base,
			);
			mainGroup = C11515DD2340FA0200A00399;
			productRefGroup = C11515E72340FA0200A00399 /* Products */;
			projectDirPath = "";
			projectRoot = "";
			targets = (
				C11515E52340FA0200A00399 /* SmartCalendar */,
				C11515FE2340FA0400A00399 /* SmartCalendarTests */,
				C11516092340FA0400A00399 /* SmartCalendarUITests */,
			);
		};
/* End PBXProject section */

/* Begin PBXResourcesBuildPhase section */
		C11515E42340FA0200A00399 /* Resources */ = {
			isa = PBXResourcesBuildPhase;
			buildActionMask = 2147483647;
			files = (
				C19E513A234106DF00086B88 /* README.md in Resources */,
				C19E5139234106DF00086B88 /* .swiftlint.yml in Resources */,
				C19E5138234106DF00086B88 /* .gitignore in Resources */,
				C11515F92340FA0400A00399 /* LaunchScreen.storyboard in Resources */,
				C1D4EA882345E349009E8694 /* Root.storyboard in Resources */,
				C11515F62340FA0400A00399 /* Assets.xcassets in Resources */,
				C11515F12340FA0200A00399 /* Main.storyboard in Resources */,
			);
			runOnlyForDeploymentPostprocessing = 0;
		};
		C11515FD2340FA0400A00399 /* Resources */ = {
			isa = PBXResourcesBuildPhase;
			buildActionMask = 2147483647;
			files = (
			);
			runOnlyForDeploymentPostprocessing = 0;
		};
		C11516082340FA0400A00399 /* Resources */ = {
			isa = PBXResourcesBuildPhase;
			buildActionMask = 2147483647;
			files = (
			);
			runOnlyForDeploymentPostprocessing = 0;
		};
/* End PBXResourcesBuildPhase section */

/* Begin PBXShellScriptBuildPhase section */
		04B5ADEF0AF1792C20D9186E /* [CP] Copy Pods Resources */ = {
			isa = PBXShellScriptBuildPhase;
			buildActionMask = 2147483647;
			files = (
			);
			inputFileListPaths = (
				"${PODS_ROOT}/Target Support Files/Pods-SmartCalendar/Pods-SmartCalendar-resources-${CONFIGURATION}-input-files.xcfilelist",
			);
			name = "[CP] Copy Pods Resources";
			outputFileListPaths = (
				"${PODS_ROOT}/Target Support Files/Pods-SmartCalendar/Pods-SmartCalendar-resources-${CONFIGURATION}-output-files.xcfilelist",
			);
			runOnlyForDeploymentPostprocessing = 0;
			shellPath = /bin/sh;
			shellScript = "\"${PODS_ROOT}/Target Support Files/Pods-SmartCalendar/Pods-SmartCalendar-resources.sh\"\n";
			showEnvVarsInLog = 0;
		};
		1EC3E9A5F0FA40B599339B1E /* [CP] Check Pods Manifest.lock */ = {
			isa = PBXShellScriptBuildPhase;
			buildActionMask = 2147483647;
			files = (
			);
			inputFileListPaths = (
			);
			inputPaths = (
				"${PODS_PODFILE_DIR_PATH}/Podfile.lock",
				"${PODS_ROOT}/Manifest.lock",
			);
			name = "[CP] Check Pods Manifest.lock";
			outputFileListPaths = (
			);
			outputPaths = (
				"$(DERIVED_FILE_DIR)/Pods-SmartCalendar-SmartCalendarUITests-checkManifestLockResult.txt",
			);
			runOnlyForDeploymentPostprocessing = 0;
			shellPath = /bin/sh;
			shellScript = "diff \"${PODS_PODFILE_DIR_PATH}/Podfile.lock\" \"${PODS_ROOT}/Manifest.lock\" > /dev/null\nif [ $? != 0 ] ; then\n    # print error to STDERR\n    echo \"error: The sandbox is not in sync with the Podfile.lock. Run 'pod install' or update your CocoaPods installation.\" >&2\n    exit 1\nfi\n# This output is used by Xcode 'outputs' to avoid re-running this script phase.\necho \"SUCCESS\" > \"${SCRIPT_OUTPUT_FILE_0}\"\n";
			showEnvVarsInLog = 0;
		};
		7DE79229B06B30A988F0600D /* [CP] Embed Pods Frameworks */ = {
			isa = PBXShellScriptBuildPhase;
			buildActionMask = 2147483647;
			files = (
			);
			inputFileListPaths = (
				"${PODS_ROOT}/Target Support Files/Pods-SmartCalendar-SmartCalendarUITests/Pods-SmartCalendar-SmartCalendarUITests-frameworks-${CONFIGURATION}-input-files.xcfilelist",
			);
			name = "[CP] Embed Pods Frameworks";
			outputFileListPaths = (
				"${PODS_ROOT}/Target Support Files/Pods-SmartCalendar-SmartCalendarUITests/Pods-SmartCalendar-SmartCalendarUITests-frameworks-${CONFIGURATION}-output-files.xcfilelist",
			);
			runOnlyForDeploymentPostprocessing = 0;
			shellPath = /bin/sh;
			shellScript = "\"${PODS_ROOT}/Target Support Files/Pods-SmartCalendar-SmartCalendarUITests/Pods-SmartCalendar-SmartCalendarUITests-frameworks.sh\"\n";
			showEnvVarsInLog = 0;
		};
		C19E51342341061000086B88 /* Run Script SwiftLint */ = {
			isa = PBXShellScriptBuildPhase;
			buildActionMask = 2147483647;
			files = (
			);
			inputFileListPaths = (
			);
			inputPaths = (
			);
			name = "Run Script SwiftLint";
			outputFileListPaths = (
			);
			outputPaths = (
			);
			runOnlyForDeploymentPostprocessing = 0;
			shellPath = /bin/sh;
			shellScript = "# Type a script or drag a script file from your workspace to insert its path.\n\"${PODS_ROOT}/SwiftLint/swiftlint\"\n";
		};
		C1D65616234103F700FA9BD7 /* Run Script R.swift */ = {
			isa = PBXShellScriptBuildPhase;
			buildActionMask = 2147483647;
			files = (
			);
			inputFileListPaths = (
			);
			inputPaths = (
				"$TEMP_DIR/rswift-lastrun",
			);
			name = "Run Script R.swift";
			outputFileListPaths = (
			);
			outputPaths = (
				$SRCROOT/SmartCalendar/SupportingFiles/R.generated.swift,
			);
			runOnlyForDeploymentPostprocessing = 0;
			shellPath = /bin/sh;
			shellScript = "\"$PODS_ROOT/R.swift/rswift\" generate \"$SRCROOT/SmartCalendar/SupportingFiles/R.generated.swift\"\n\n";
		};
		D48CAF44CD7D8918105A2BF8 /* [CP] Check Pods Manifest.lock */ = {
			isa = PBXShellScriptBuildPhase;
			buildActionMask = 2147483647;
			files = (
			);
			inputFileListPaths = (
			);
			inputPaths = (
				"${PODS_PODFILE_DIR_PATH}/Podfile.lock",
				"${PODS_ROOT}/Manifest.lock",
			);
			name = "[CP] Check Pods Manifest.lock";
			outputFileListPaths = (
			);
			outputPaths = (
				"$(DERIVED_FILE_DIR)/Pods-SmartCalendarTests-checkManifestLockResult.txt",
			);
			runOnlyForDeploymentPostprocessing = 0;
			shellPath = /bin/sh;
			shellScript = "diff \"${PODS_PODFILE_DIR_PATH}/Podfile.lock\" \"${PODS_ROOT}/Manifest.lock\" > /dev/null\nif [ $? != 0 ] ; then\n    # print error to STDERR\n    echo \"error: The sandbox is not in sync with the Podfile.lock. Run 'pod install' or update your CocoaPods installation.\" >&2\n    exit 1\nfi\n# This output is used by Xcode 'outputs' to avoid re-running this script phase.\necho \"SUCCESS\" > \"${SCRIPT_OUTPUT_FILE_0}\"\n";
			showEnvVarsInLog = 0;
		};
		DCC77E91AA7074524B2DA507 /* [CP] Embed Pods Frameworks */ = {
			isa = PBXShellScriptBuildPhase;
			buildActionMask = 2147483647;
			files = (
			);
			inputFileListPaths = (
				"${PODS_ROOT}/Target Support Files/Pods-SmartCalendar/Pods-SmartCalendar-frameworks-${CONFIGURATION}-input-files.xcfilelist",
			);
			name = "[CP] Embed Pods Frameworks";
			outputFileListPaths = (
				"${PODS_ROOT}/Target Support Files/Pods-SmartCalendar/Pods-SmartCalendar-frameworks-${CONFIGURATION}-output-files.xcfilelist",
			);
			runOnlyForDeploymentPostprocessing = 0;
			shellPath = /bin/sh;
			shellScript = "\"${PODS_ROOT}/Target Support Files/Pods-SmartCalendar/Pods-SmartCalendar-frameworks.sh\"\n";
			showEnvVarsInLog = 0;
		};
		F2212417EAE64CFF6D953BED /* [CP] Copy Pods Resources */ = {
			isa = PBXShellScriptBuildPhase;
			buildActionMask = 2147483647;
			files = (
			);
			inputFileListPaths = (
				"${PODS_ROOT}/Target Support Files/Pods-SmartCalendar-SmartCalendarUITests/Pods-SmartCalendar-SmartCalendarUITests-resources-${CONFIGURATION}-input-files.xcfilelist",
			);
			name = "[CP] Copy Pods Resources";
			outputFileListPaths = (
				"${PODS_ROOT}/Target Support Files/Pods-SmartCalendar-SmartCalendarUITests/Pods-SmartCalendar-SmartCalendarUITests-resources-${CONFIGURATION}-output-files.xcfilelist",
			);
			runOnlyForDeploymentPostprocessing = 0;
			shellPath = /bin/sh;
			shellScript = "\"${PODS_ROOT}/Target Support Files/Pods-SmartCalendar-SmartCalendarUITests/Pods-SmartCalendar-SmartCalendarUITests-resources.sh\"\n";
			showEnvVarsInLog = 0;
		};
		FE14E9E8586FE04E34B00895 /* [CP] Check Pods Manifest.lock */ = {
			isa = PBXShellScriptBuildPhase;
			buildActionMask = 2147483647;
			files = (
			);
			inputFileListPaths = (
			);
			inputPaths = (
				"${PODS_PODFILE_DIR_PATH}/Podfile.lock",
				"${PODS_ROOT}/Manifest.lock",
			);
			name = "[CP] Check Pods Manifest.lock";
			outputFileListPaths = (
			);
			outputPaths = (
				"$(DERIVED_FILE_DIR)/Pods-SmartCalendar-checkManifestLockResult.txt",
			);
			runOnlyForDeploymentPostprocessing = 0;
			shellPath = /bin/sh;
			shellScript = "diff \"${PODS_PODFILE_DIR_PATH}/Podfile.lock\" \"${PODS_ROOT}/Manifest.lock\" > /dev/null\nif [ $? != 0 ] ; then\n    # print error to STDERR\n    echo \"error: The sandbox is not in sync with the Podfile.lock. Run 'pod install' or update your CocoaPods installation.\" >&2\n    exit 1\nfi\n# This output is used by Xcode 'outputs' to avoid re-running this script phase.\necho \"SUCCESS\" > \"${SCRIPT_OUTPUT_FILE_0}\"\n";
			showEnvVarsInLog = 0;
		};
/* End PBXShellScriptBuildPhase section */

/* Begin PBXSourcesBuildPhase section */
		C11515E22340FA0200A00399 /* Sources */ = {
			isa = PBXSourcesBuildPhase;
			buildActionMask = 2147483647;
			files = (
				C1B2F8262345EA27002B6776 /* RootCoordinator.swift in Sources */,
				95D68E3D2347F3AC00C0A41D /* FindIntersection.swift in Sources */,
				C11515EE2340FA0200A00399 /* BaseVC.swift in Sources */,
				C11515EA2340FA0200A00399 /* AppDelegate.swift in Sources */,
				C1D4EA8623453FA8009E8694 /* SignInVC.swift in Sources */,
				C1B2F8292347499D002B6776 /* CalendarService.swift in Sources */,
				C1D656182341056600FA9BD7 /* R.generated.swift in Sources */,
				C11515EC2340FA0200A00399 /* SceneDelegate.swift in Sources */,
				C11515F42340FA0200A00399 /* SmartCalendar.xcdatamodeld in Sources */,
				C1B2F8232345E941002B6776 /* MainVC.swift in Sources */,
			);
			runOnlyForDeploymentPostprocessing = 0;
		};
		C11515FB2340FA0400A00399 /* Sources */ = {
			isa = PBXSourcesBuildPhase;
			buildActionMask = 2147483647;
			files = (
				C11516042340FA0400A00399 /* SmartCalendarTests.swift in Sources */,
			);
			runOnlyForDeploymentPostprocessing = 0;
		};
		C11516062340FA0400A00399 /* Sources */ = {
			isa = PBXSourcesBuildPhase;
			buildActionMask = 2147483647;
			files = (
				C115160F2340FA0400A00399 /* SmartCalendarUITests.swift in Sources */,
			);
			runOnlyForDeploymentPostprocessing = 0;
		};
/* End PBXSourcesBuildPhase section */

/* Begin PBXTargetDependency section */
		C11516012340FA0400A00399 /* PBXTargetDependency */ = {
			isa = PBXTargetDependency;
			target = C11515E52340FA0200A00399 /* SmartCalendar */;
			targetProxy = C11516002340FA0400A00399 /* PBXContainerItemProxy */;
		};
		C115160C2340FA0400A00399 /* PBXTargetDependency */ = {
			isa = PBXTargetDependency;
			target = C11515E52340FA0200A00399 /* SmartCalendar */;
			targetProxy = C115160B2340FA0400A00399 /* PBXContainerItemProxy */;
		};
/* End PBXTargetDependency section */

/* Begin PBXVariantGroup section */
		C11515EF2340FA0200A00399 /* Main.storyboard */ = {
			isa = PBXVariantGroup;
			children = (
				C11515F02340FA0200A00399 /* Base */,
			);
			name = Main.storyboard;
			sourceTree = "<group>";
		};
		C11515F72340FA0400A00399 /* LaunchScreen.storyboard */ = {
			isa = PBXVariantGroup;
			children = (
				C11515F82340FA0400A00399 /* Base */,
			);
			name = LaunchScreen.storyboard;
			sourceTree = "<group>";
		};
/* End PBXVariantGroup section */

/* Begin XCBuildConfiguration section */
		C11516112340FA0400A00399 /* Debug */ = {
			isa = XCBuildConfiguration;
			buildSettings = {
				ALWAYS_SEARCH_USER_PATHS = NO;
				CLANG_ANALYZER_NONNULL = YES;
				CLANG_ANALYZER_NUMBER_OBJECT_CONVERSION = YES_AGGRESSIVE;
				CLANG_CXX_LANGUAGE_STANDARD = "gnu++14";
				CLANG_CXX_LIBRARY = "libc++";
				CLANG_ENABLE_MODULES = YES;
				CLANG_ENABLE_OBJC_ARC = YES;
				CLANG_ENABLE_OBJC_WEAK = YES;
				CLANG_WARN_BLOCK_CAPTURE_AUTORELEASING = YES;
				CLANG_WARN_BOOL_CONVERSION = YES;
				CLANG_WARN_COMMA = YES;
				CLANG_WARN_CONSTANT_CONVERSION = YES;
				CLANG_WARN_DEPRECATED_OBJC_IMPLEMENTATIONS = YES;
				CLANG_WARN_DIRECT_OBJC_ISA_USAGE = YES_ERROR;
				CLANG_WARN_DOCUMENTATION_COMMENTS = YES;
				CLANG_WARN_EMPTY_BODY = YES;
				CLANG_WARN_ENUM_CONVERSION = YES;
				CLANG_WARN_INFINITE_RECURSION = YES;
				CLANG_WARN_INT_CONVERSION = YES;
				CLANG_WARN_NON_LITERAL_NULL_CONVERSION = YES;
				CLANG_WARN_OBJC_IMPLICIT_RETAIN_SELF = YES;
				CLANG_WARN_OBJC_LITERAL_CONVERSION = YES;
				CLANG_WARN_OBJC_ROOT_CLASS = YES_ERROR;
				CLANG_WARN_RANGE_LOOP_ANALYSIS = YES;
				CLANG_WARN_STRICT_PROTOTYPES = YES;
				CLANG_WARN_SUSPICIOUS_MOVE = YES;
				CLANG_WARN_UNGUARDED_AVAILABILITY = YES_AGGRESSIVE;
				CLANG_WARN_UNREACHABLE_CODE = YES;
				CLANG_WARN__DUPLICATE_METHOD_MATCH = YES;
				COPY_PHASE_STRIP = NO;
				DEBUG_INFORMATION_FORMAT = dwarf;
				ENABLE_STRICT_OBJC_MSGSEND = YES;
				ENABLE_TESTABILITY = YES;
				GCC_C_LANGUAGE_STANDARD = gnu11;
				GCC_DYNAMIC_NO_PIC = NO;
				GCC_NO_COMMON_BLOCKS = YES;
				GCC_OPTIMIZATION_LEVEL = 0;
				GCC_PREPROCESSOR_DEFINITIONS = (
					"DEBUG=1",
					"$(inherited)",
				);
				GCC_WARN_64_TO_32_BIT_CONVERSION = YES;
				GCC_WARN_ABOUT_RETURN_TYPE = YES_ERROR;
				GCC_WARN_UNDECLARED_SELECTOR = YES;
				GCC_WARN_UNINITIALIZED_AUTOS = YES_AGGRESSIVE;
				GCC_WARN_UNUSED_FUNCTION = YES;
				GCC_WARN_UNUSED_VARIABLE = YES;
				IPHONEOS_DEPLOYMENT_TARGET = 13.0;
				MTL_ENABLE_DEBUG_INFO = INCLUDE_SOURCE;
				MTL_FAST_MATH = YES;
				ONLY_ACTIVE_ARCH = YES;
				SDKROOT = iphoneos;
				SWIFT_ACTIVE_COMPILATION_CONDITIONS = DEBUG;
				SWIFT_OPTIMIZATION_LEVEL = "-Onone";
			};
			name = Debug;
		};
		C11516122340FA0400A00399 /* Release */ = {
			isa = XCBuildConfiguration;
			buildSettings = {
				ALWAYS_SEARCH_USER_PATHS = NO;
				CLANG_ANALYZER_NONNULL = YES;
				CLANG_ANALYZER_NUMBER_OBJECT_CONVERSION = YES_AGGRESSIVE;
				CLANG_CXX_LANGUAGE_STANDARD = "gnu++14";
				CLANG_CXX_LIBRARY = "libc++";
				CLANG_ENABLE_MODULES = YES;
				CLANG_ENABLE_OBJC_ARC = YES;
				CLANG_ENABLE_OBJC_WEAK = YES;
				CLANG_WARN_BLOCK_CAPTURE_AUTORELEASING = YES;
				CLANG_WARN_BOOL_CONVERSION = YES;
				CLANG_WARN_COMMA = YES;
				CLANG_WARN_CONSTANT_CONVERSION = YES;
				CLANG_WARN_DEPRECATED_OBJC_IMPLEMENTATIONS = YES;
				CLANG_WARN_DIRECT_OBJC_ISA_USAGE = YES_ERROR;
				CLANG_WARN_DOCUMENTATION_COMMENTS = YES;
				CLANG_WARN_EMPTY_BODY = YES;
				CLANG_WARN_ENUM_CONVERSION = YES;
				CLANG_WARN_INFINITE_RECURSION = YES;
				CLANG_WARN_INT_CONVERSION = YES;
				CLANG_WARN_NON_LITERAL_NULL_CONVERSION = YES;
				CLANG_WARN_OBJC_IMPLICIT_RETAIN_SELF = YES;
				CLANG_WARN_OBJC_LITERAL_CONVERSION = YES;
				CLANG_WARN_OBJC_ROOT_CLASS = YES_ERROR;
				CLANG_WARN_RANGE_LOOP_ANALYSIS = YES;
				CLANG_WARN_STRICT_PROTOTYPES = YES;
				CLANG_WARN_SUSPICIOUS_MOVE = YES;
				CLANG_WARN_UNGUARDED_AVAILABILITY = YES_AGGRESSIVE;
				CLANG_WARN_UNREACHABLE_CODE = YES;
				CLANG_WARN__DUPLICATE_METHOD_MATCH = YES;
				COPY_PHASE_STRIP = NO;
				DEBUG_INFORMATION_FORMAT = "dwarf-with-dsym";
				ENABLE_NS_ASSERTIONS = NO;
				ENABLE_STRICT_OBJC_MSGSEND = YES;
				GCC_C_LANGUAGE_STANDARD = gnu11;
				GCC_NO_COMMON_BLOCKS = YES;
				GCC_WARN_64_TO_32_BIT_CONVERSION = YES;
				GCC_WARN_ABOUT_RETURN_TYPE = YES_ERROR;
				GCC_WARN_UNDECLARED_SELECTOR = YES;
				GCC_WARN_UNINITIALIZED_AUTOS = YES_AGGRESSIVE;
				GCC_WARN_UNUSED_FUNCTION = YES;
				GCC_WARN_UNUSED_VARIABLE = YES;
				IPHONEOS_DEPLOYMENT_TARGET = 13.0;
				MTL_ENABLE_DEBUG_INFO = NO;
				MTL_FAST_MATH = YES;
				SDKROOT = iphoneos;
				SWIFT_COMPILATION_MODE = wholemodule;
				SWIFT_OPTIMIZATION_LEVEL = "-O";
				VALIDATE_PRODUCT = YES;
			};
			name = Release;
		};
		C11516142340FA0400A00399 /* Debug */ = {
			isa = XCBuildConfiguration;
			baseConfigurationReference = CD80E17CB5A2E83C6C37F86E /* Pods-SmartCalendar.debug.xcconfig */;
			buildSettings = {
				ASSETCATALOG_COMPILER_APPICON_NAME = AppIcon;
				CODE_SIGN_IDENTITY = "Apple Development";
				CODE_SIGN_STYLE = Automatic;
				DEVELOPMENT_TEAM = "";
				INFOPLIST_FILE = "$(SRCROOT)/SmartCalendar/SupportingFiles/Info.plist";
				LD_RUNPATH_SEARCH_PATHS = (
					"$(inherited)",
					"@executable_path/Frameworks",
				);
				PRODUCT_BUNDLE_IDENTIFIER = "com.oldschool.smart-calendar";
				PRODUCT_NAME = "$(TARGET_NAME)";
				PROVISIONING_PROFILE_SPECIFIER = "";
				SWIFT_VERSION = 5.0;
				TARGETED_DEVICE_FAMILY = 1;
			};
			name = Debug;
		};
		C11516152340FA0400A00399 /* Release */ = {
			isa = XCBuildConfiguration;
			baseConfigurationReference = 03F90F490F2945D622C16C5A /* Pods-SmartCalendar.release.xcconfig */;
			buildSettings = {
				ASSETCATALOG_COMPILER_APPICON_NAME = AppIcon;
				CODE_SIGN_IDENTITY = "Apple Development";
				CODE_SIGN_STYLE = Automatic;
				DEVELOPMENT_TEAM = "";
				INFOPLIST_FILE = "$(SRCROOT)/SmartCalendar/SupportingFiles/Info.plist";
				LD_RUNPATH_SEARCH_PATHS = (
					"$(inherited)",
					"@executable_path/Frameworks",
				);
				PRODUCT_BUNDLE_IDENTIFIER = "com.oldschool.smart-calendar";
				PRODUCT_NAME = "$(TARGET_NAME)";
				PROVISIONING_PROFILE_SPECIFIER = "";
				SWIFT_VERSION = 5.0;
				TARGETED_DEVICE_FAMILY = 1;
			};
			name = Release;
		};
		C11516172340FA0400A00399 /* Debug */ = {
			isa = XCBuildConfiguration;
			baseConfigurationReference = 96457AC912D36117849028FF /* Pods-SmartCalendarTests.debug.xcconfig */;
			buildSettings = {
				ALWAYS_EMBED_SWIFT_STANDARD_LIBRARIES = YES;
				BUNDLE_LOADER = "$(TEST_HOST)";
				CODE_SIGN_STYLE = Automatic;
				INFOPLIST_FILE = SmartCalendarTests/Info.plist;
				IPHONEOS_DEPLOYMENT_TARGET = 13.0;
				LD_RUNPATH_SEARCH_PATHS = (
					"$(inherited)",
					"@executable_path/Frameworks",
					"@loader_path/Frameworks",
				);
				PRODUCT_BUNDLE_IDENTIFIER = com.oldschool.SmartCalendarTests;
				PRODUCT_NAME = "$(TARGET_NAME)";
				SWIFT_VERSION = 5.0;
				TARGETED_DEVICE_FAMILY = "1,2";
				TEST_HOST = "$(BUILT_PRODUCTS_DIR)/SmartCalendar.app/SmartCalendar";
			};
			name = Debug;
		};
		C11516182340FA0400A00399 /* Release */ = {
			isa = XCBuildConfiguration;
			baseConfigurationReference = F31C49038CF7F4FEBD17725C /* Pods-SmartCalendarTests.release.xcconfig */;
			buildSettings = {
				ALWAYS_EMBED_SWIFT_STANDARD_LIBRARIES = YES;
				BUNDLE_LOADER = "$(TEST_HOST)";
				CODE_SIGN_STYLE = Automatic;
				INFOPLIST_FILE = SmartCalendarTests/Info.plist;
				IPHONEOS_DEPLOYMENT_TARGET = 13.0;
				LD_RUNPATH_SEARCH_PATHS = (
					"$(inherited)",
					"@executable_path/Frameworks",
					"@loader_path/Frameworks",
				);
				PRODUCT_BUNDLE_IDENTIFIER = com.oldschool.SmartCalendarTests;
				PRODUCT_NAME = "$(TARGET_NAME)";
				SWIFT_VERSION = 5.0;
				TARGETED_DEVICE_FAMILY = "1,2";
				TEST_HOST = "$(BUILT_PRODUCTS_DIR)/SmartCalendar.app/SmartCalendar";
			};
			name = Release;
		};
		C115161A2340FA0400A00399 /* Debug */ = {
			isa = XCBuildConfiguration;
			baseConfigurationReference = DFE29D5775A34B4E82DB2716 /* Pods-SmartCalendar-SmartCalendarUITests.debug.xcconfig */;
			buildSettings = {
				CODE_SIGN_STYLE = Automatic;
				INFOPLIST_FILE = SmartCalendarUITests/Info.plist;
				LD_RUNPATH_SEARCH_PATHS = (
					"$(inherited)",
					"@executable_path/Frameworks",
					"@loader_path/Frameworks",
				);
				PRODUCT_BUNDLE_IDENTIFIER = com.oldschool.SmartCalendarUITests;
				PRODUCT_NAME = "$(TARGET_NAME)";
				SWIFT_VERSION = 5.0;
				TARGETED_DEVICE_FAMILY = "1,2";
				TEST_TARGET_NAME = SmartCalendar;
			};
			name = Debug;
		};
		C115161B2340FA0400A00399 /* Release */ = {
			isa = XCBuildConfiguration;
			baseConfigurationReference = BA443F23E1FCC55B0C661110 /* Pods-SmartCalendar-SmartCalendarUITests.release.xcconfig */;
			buildSettings = {
				CODE_SIGN_STYLE = Automatic;
				INFOPLIST_FILE = SmartCalendarUITests/Info.plist;
				LD_RUNPATH_SEARCH_PATHS = (
					"$(inherited)",
					"@executable_path/Frameworks",
					"@loader_path/Frameworks",
				);
				PRODUCT_BUNDLE_IDENTIFIER = com.oldschool.SmartCalendarUITests;
				PRODUCT_NAME = "$(TARGET_NAME)";
				SWIFT_VERSION = 5.0;
				TARGETED_DEVICE_FAMILY = "1,2";
				TEST_TARGET_NAME = SmartCalendar;
			};
			name = Release;
		};
/* End XCBuildConfiguration section */

/* Begin XCConfigurationList section */
		C11515E12340FA0200A00399 /* Build configuration list for PBXProject "SmartCalendar" */ = {
			isa = XCConfigurationList;
			buildConfigurations = (
				C11516112340FA0400A00399 /* Debug */,
				C11516122340FA0400A00399 /* Release */,
			);
			defaultConfigurationIsVisible = 0;
			defaultConfigurationName = Release;
		};
		C11516132340FA0400A00399 /* Build configuration list for PBXNativeTarget "SmartCalendar" */ = {
			isa = XCConfigurationList;
			buildConfigurations = (
				C11516142340FA0400A00399 /* Debug */,
				C11516152340FA0400A00399 /* Release */,
			);
			defaultConfigurationIsVisible = 0;
			defaultConfigurationName = Release;
		};
		C11516162340FA0400A00399 /* Build configuration list for PBXNativeTarget "SmartCalendarTests" */ = {
			isa = XCConfigurationList;
			buildConfigurations = (
				C11516172340FA0400A00399 /* Debug */,
				C11516182340FA0400A00399 /* Release */,
			);
			defaultConfigurationIsVisible = 0;
			defaultConfigurationName = Release;
		};
		C11516192340FA0400A00399 /* Build configuration list for PBXNativeTarget "SmartCalendarUITests" */ = {
			isa = XCConfigurationList;
			buildConfigurations = (
				C115161A2340FA0400A00399 /* Debug */,
				C115161B2340FA0400A00399 /* Release */,
			);
			defaultConfigurationIsVisible = 0;
			defaultConfigurationName = Release;
		};
/* End XCConfigurationList section */

/* Begin XCVersionGroup section */
		C11515F22340FA0200A00399 /* SmartCalendar.xcdatamodeld */ = {
			isa = XCVersionGroup;
			children = (
				C11515F32340FA0200A00399 /* SmartCalendar.xcdatamodel */,
			);
			currentVersion = C11515F32340FA0200A00399 /* SmartCalendar.xcdatamodel */;
			path = SmartCalendar.xcdatamodeld;
			sourceTree = "<group>";
			versionGroupType = wrapper.xcdatamodel;
		};
/* End XCVersionGroup section */
	};
	rootObject = C11515DE2340FA0200A00399 /* Project object */;
}
